{
  "version": 4,
  "terraform_version": "1.2.9",
  "serial": 42,
  "lineage": "1132a9d1-06a7-d5b0-1db0-19778852259d",
  "outputs": {
    "storages": {
      "value": [],
      "type": [
        "set",
        [
          "object",
          {
            "delete_on_termination": "bool",
            "device_name": "string",
            "encrypted": "bool",
            "iops": "number",
            "kms_key_id": "string",
            "snapshot_id": "string",
            "tags": [
              "map",
              "string"
            ],
            "throughput": "number",
            "volume_id": "string",
            "volume_size": "number",
            "volume_type": "string"
          }
        ]
      ]
    }
  },
  "resources": [
    {
      "mode": "managed",
      "type": "aws_ebs_volume",
      "name": "example",
      "provider": "provider[\"registry.terraform.io/hashicorp/aws\"]",
      "instances": [
        {
          "schema_version": 0,
          "attributes": {
            "arn": "arn:aws:ec2:ap-southeast-1:133472742478:volume/vol-00564ca11d8172b8a",
            "availability_zone": "ap-southeast-1b",
            "encrypted": false,
            "final_snapshot": false,
            "id": "vol-00564ca11d8172b8a",
            "iops": 100,
            "kms_key_id": "",
            "multi_attach_enabled": false,
            "outpost_arn": "",
            "size": 1,
            "snapshot_id": "",
            "tags": {
              "name": "example volume",
              "type": "gp2"
            },
            "tags_all": {
              "name": "example volume",
              "type": "gp2"
            },
            "throughput": 0,
            "timeouts": null,
            "type": "gp2"
          },
          "sensitive_attributes": [],
          "private": "eyJlMmJmYjczMC1lY2FhLTExZTYtOGY4OC0zNDM2M2JjN2M0YzAiOnsiY3JlYXRlIjozMDAwMDAwMDAwMDAsImRlbGV0ZSI6MzAwMDAwMDAwMDAwLCJ1cGRhdGUiOjMwMDAwMDAwMDAwMH19"
        }
      ]
    },
    {
      "mode": "managed",
      "type": "aws_instance",
      "name": "web",
      "provider": "provider[\"registry.terraform.io/hashicorp/aws\"]",
      "instances": [
        {
          "schema_version": 1,
          "attributes": {
            "ami": "ami-0ff89c4ce7de192ea",
            "arn": "arn:aws:ec2:ap-southeast-1:133472742478:instance/i-0c28e092f42eca5e9",
            "associate_public_ip_address": true,
            "availability_zone": "ap-southeast-1a",
            "capacity_reservation_specification": [
              {
                "capacity_reservation_preference": "open",
                "capacity_reservation_target": []
              }
            ],
            "cpu_core_count": 1,
            "cpu_threads_per_core": 1,
            "credit_specification": [
              {
                "cpu_credits": "standard"
              }
            ],
            "disable_api_stop": false,
            "disable_api_termination": false,
            "ebs_block_device": [],
            "ebs_optimized": false,
            "enclave_options": [
              {
                "enabled": false
              }
            ],
            "ephemeral_block_device": [],
            "get_password_data": false,
            "hibernation": false,
            "host_id": null,
            "iam_instance_profile": "",
            "id": "i-0c28e092f42eca5e9",
            "instance_initiated_shutdown_behavior": "stop",
            "instance_state": "running",
            "instance_type": "t2.micro",
            "ipv6_address_count": 0,
            "ipv6_addresses": [],
            "key_name": "",
            "launch_template": [],
            "maintenance_options": [
              {
                "auto_recovery": "default"
              }
            ],
            "metadata_options": [
              {
                "http_endpoint": "enabled",
                "http_put_response_hop_limit": 1,
                "http_tokens": "optional",
                "instance_metadata_tags": "disabled"
              }
            ],
            "monitoring": false,
            "network_interface": [],
            "outpost_arn": "",
            "password_data": "",
            "placement_group": "",
            "placement_partition_number": null,
            "primary_network_interface_id": "eni-0cf5659b8789b2e43",
            "private_dns": "ip-172-31-46-253.ap-southeast-1.compute.internal",
            "private_dns_name_options": [
              {
                "enable_resource_name_dns_a_record": false,
                "enable_resource_name_dns_aaaa_record": false,
                "hostname_type": "ip-name"
              }
            ],
            "private_ip": "172.31.46.253",
            "public_dns": "ec2-13-212-13-81.ap-southeast-1.compute.amazonaws.com",
            "public_ip": "13.212.13.81",
            "root_block_device": [
              {
                "delete_on_termination": true,
                "device_name": "/dev/xvda",
                "encrypted": false,
                "iops": 100,
                "kms_key_id": "",
                "tags": {},
                "throughput": 0,
                "volume_id": "vol-00750de460737a180",
                "volume_size": 8,
                "volume_type": "gp2"
              }
            ],
            "secondary_private_ips": [],
            "security_groups": [
              "default"
            ],
            "source_dest_check": true,
            "subnet_id": "subnet-0441e9d47fd3d328f",
            "tags": {
              "Name": "HelloWorld"
            },
            "tags_all": {
              "Name": "HelloWorld"
            },
            "tenancy": "default",
            "timeouts": null,
            "user_data": null,
            "user_data_base64": null,
            "user_data_replace_on_change": false,
            "volume_tags": null,
            "vpc_security_group_ids": [
              "sg-0b53b9c4890a7a2ca"
            ]
          },
          "sensitive_attributes": [],
          "private": "eyJlMmJmYjczMC1lY2FhLTExZTYtOGY4OC0zNDM2M2JjN2M0YzAiOnsiY3JlYXRlIjo2MDAwMDAwMDAwMDAsImRlbGV0ZSI6MTIwMDAwMDAwMDAwMCwidXBkYXRlIjo2MDAwMDAwMDAwMDB9LCJzY2hlbWFfdmVyc2lvbiI6IjEifQ=="
        }
      ]
    }
  ]
}
